
Microsoft Visual Studio Solution File, Format Version 12.00
# Visual Studio Version 17
VisualStudioVersion = 17.4.33110.190
MinimumVisualStudioVersion = 10.0.40219.1
Project("{9A19103F-16F7-4668-BE54-9A1E7A4F7556}") = "FamilyBudgetApp", "FamilyBudgetManagementApp\FamilyBudgetApp.csproj", "{47E8C755-19EE-48AE-A5DA-66BF096F249C}"
EndProject
Project("{9A19103F-16F7-4668-BE54-9A1E7A4F7556}") = "FamilyBudgetApp.Tests", "FamilyBudgetApp.Tests\FamilyBudgetApp.Tests.csproj", "{331752E9-DBB7-4AEB-8833-029E18D3E6B3}"
EndProject
Global
	GlobalSection(SolutionConfigurationPlatforms) = preSolution
		Debug|Any CPU = Debug|Any CPU
		Release|Any CPU = Release|Any CPU
	EndGlobalSection
	GlobalSection(ProjectConfigurationPlatforms) = postSolution
		{47E8C755-19EE-48AE-A5DA-66BF096F249C}.Debug|Any CPU.ActiveCfg = Debug|Any CPU
		{47E8C755-19EE-48AE-A5DA-66BF096F249C}.Debug|Any CPU.Build.0 = Debug|Any CPU
		{47E8C755-19EE-48AE-A5DA-66BF096F249C}.Release|Any CPU.ActiveCfg = Release|Any CPU
		{47E8C755-19EE-48AE-A5DA-66BF096F249C}.Release|Any CPU.Build.0 = Release|Any CPU
		{331752E9-DBB7-4AEB-8833-029E18D3E6B3}.Debug|Any CPU.ActiveCfg = Debug|Any CPU
		{331752E9-DBB7-4AEB-8833-029E18D3E6B3}.Debug|Any CPU.Build.0 = Debug|Any CPU
		{331752E9-DBB7-4AEB-8833-029E18D3E6B3}.Release|Any CPU.ActiveCfg = Release|Any CPU
		{331752E9-DBB7-4AEB-8833-029E18D3E6B3}.Release|Any CPU.Build.0 = Release|Any CPU
	EndGlobalSection
	GlobalSection(SolutionProperties) = preSolution
		HideSolutionNode = FALSE
	EndGlobalSection
	GlobalSection(ExtensibilityGlobals) = postSolution
		SolutionGuid = {FFEB6064-0D45-4099-A433-E9BAA27B478F}
	EndGlobalSection
EndGlobal
