
Microsoft Visual Studio Solution File, Format Version 12.00
# Visual Studio Version 17
VisualStudioVersion = 17.4.33110.190
MinimumVisualStudioVersion = 10.0.40219.1
Project("{FAE04EC0-301F-11D3-BF4B-00C04F79EFBC}") = "FamilyBudgetManagementApp", "FamilyBudgetManagementApp\FamilyBudgetManagementApp.csproj", "{47E8C755-19EE-48AE-A5DA-66BF096F249C}"
EndProject
Global
	GlobalSection(SolutionConfigurationPlatforms) = preSolution
		Debug|Any CPU = Debug|Any CPU
		Release|Any CPU = Release|Any CPU
	EndGlobalSection
	GlobalSection(ProjectConfigurationPlatforms) = postSolution
		{47E8C755-19EE-48AE-A5DA-66BF096F249C}.Debug|Any CPU.ActiveCfg = Debug|Any CPU
		{47E8C755-19EE-48AE-A5DA-66BF096F249C}.Debug|Any CPU.Build.0 = Debug|Any CPU
		{47E8C755-19EE-48AE-A5DA-66BF096F249C}.Release|Any CPU.ActiveCfg = Release|Any CPU
		{47E8C755-19EE-48AE-A5DA-66BF096F249C}.Release|Any CPU.Build.0 = Release|Any CPU
	EndGlobalSection
	GlobalSection(SolutionProperties) = preSolution
		HideSolutionNode = FALSE
	EndGlobalSection
	GlobalSection(ExtensibilityGlobals) = postSolution
		SolutionGuid = {FFEB6064-0D45-4099-A433-E9BAA27B478F}
	EndGlobalSection
EndGlobal
